
Microsoft Visual Studio Solution File, Format Version 12.00
# Visual Studio Version 16
VisualStudioVersion = 16.0.30128.74
MinimumVisualStudioVersion = 10.0.40219.1
Project("{FAE04EC0-301F-11D3-BF4B-00C04F79EFBC}") = "PasswordVault", "PasswordVault\PasswordVault.csproj", "{A5243C43-E900-4761-9995-92A4F0F22D85}"
EndProject
Global
	GlobalSection(SolutionConfigurationPlatforms) = preSolution
		Debug|Any CPU = Debug|Any CPU
		Release|Any CPU = Release|Any CPU
	EndGlobalSection
	GlobalSection(ProjectConfigurationPlatforms) = postSolution
		{A5243C43-E900-4761-9995-92A4F0F22D85}.Debug|Any CPU.ActiveCfg = Debug|Any CPU
		{A5243C43-E900-4761-9995-92A4F0F22D85}.Debug|Any CPU.Build.0 = Debug|Any CPU
		{A5243C43-E900-4761-9995-92A4F0F22D85}.Release|Any CPU.ActiveCfg = Release|Any CPU
		{A5243C43-E900-4761-9995-92A4F0F22D85}.Release|Any CPU.Build.0 = Release|Any CPU
	EndGlobalSection
	GlobalSection(SolutionProperties) = preSolution
		HideSolutionNode = FALSE
	EndGlobalSection
	GlobalSection(ExtensibilityGlobals) = postSolution
		SolutionGuid = {032DBD31-84EE-4DDB-81B1-B2534BFCF46C}
	EndGlobalSection
EndGlobal
