
Microsoft Visual Studio Solution File, Format Version 12.00
# Visual Studio Version 16
VisualStudioVersion = 16.0.30128.74
MinimumVisualStudioVersion = 10.0.40219.1
Project("{FAE04EC0-301F-11D3-BF4B-00C04F79EFBC}") = "PasswordVault", "PasswordVault\PasswordVault.csproj", "{0255DC1E-277D-4ED2-810F-FE4A2B77995C}"
EndProject
Global
	GlobalSection(SolutionConfigurationPlatforms) = preSolution
		Debug|Any CPU = Debug|Any CPU
		Release|Any CPU = Release|Any CPU
	EndGlobalSection
	GlobalSection(ProjectConfigurationPlatforms) = postSolution
		{0255DC1E-277D-4ED2-810F-FE4A2B77995C}.Debug|Any CPU.ActiveCfg = Debug|Any CPU
		{0255DC1E-277D-4ED2-810F-FE4A2B77995C}.Debug|Any CPU.Build.0 = Debug|Any CPU
		{0255DC1E-277D-4ED2-810F-FE4A2B77995C}.Release|Any CPU.ActiveCfg = Release|Any CPU
		{0255DC1E-277D-4ED2-810F-FE4A2B77995C}.Release|Any CPU.Build.0 = Release|Any CPU
	EndGlobalSection
	GlobalSection(SolutionProperties) = preSolution
		HideSolutionNode = FALSE
	EndGlobalSection
	GlobalSection(ExtensibilityGlobals) = postSolution
		SolutionGuid = {8E3710FA-A45E-4051-9156-978F1EBD5608}
	EndGlobalSection
EndGlobal
